{
    "version": 3,
    "terraform_version": "0.11.2",
    "serial": 17,
    "lineage": "68c6f2cc-2488-45c7-91f9-10d5dfddb65f",
    "modules": [
        {
            "path": [
                "root"
            ],
            "outputs": {},
            "resources": {
                "random_id.shared_secret": {
                    "type": "random_id",
                    "depends_on": [],
                    "primary": {
                        "id": "ZSFzvlKjD3Z2-Yer",
                        "attributes": {
                            "b64": "ZSFzvlKjD3Z2-Yer",
                            "b64_std": "ZSFzvlKjD3Z2+Yer",
                            "b64_url": "ZSFzvlKjD3Z2-Yer",
                            "byte_length": "12",
                            "dec": "31298427126984658851773122475",
                            "hex": "652173be52a30f7676f987ab",
                            "id": "ZSFzvlKjD3Z2-Yer"
                        },
                        "meta": {},
                        "tainted": false
                    },
                    "deposed": [],
                    "provider": "provider.random"
                }
            },
            "depends_on": []
        },
        {
            "path": [
                "root",
                "aws"
            ],
            "outputs": {
                "cidr": {
                    "sensitive": false,
                    "type": "string",
                    "value": "10.1.0.0/16"
                }
            },
            "resources": {
                "aws_vpc.vpc": {
                    "type": "aws_vpc",
                    "depends_on": [],
                    "primary": {
                        "id": "vpc-e61ac48e",
                        "attributes": {
                            "assign_generated_ipv6_cidr_block": "false",
                            "cidr_block": "10.1.0.0/16",
                            "default_network_acl_id": "acl-2d78ca45",
                            "default_route_table_id": "rtb-54ea633c",
                            "default_security_group_id": "sg-d83dfbb3",
                            "dhcp_options_id": "dopt-018e2769",
                            "enable_dns_hostnames": "false",
                            "enable_dns_support": "true",
                            "id": "vpc-e61ac48e",
                            "instance_tenancy": "default",
                            "main_route_table_id": "rtb-54ea633c",
                            "tags.%": "1",
                            "tags.Name": "mcdemo-vpc"
                        },
                        "meta": {
                            "schema_version": "1"
                        },
                        "tainted": false
                    },
                    "deposed": [],
                    "provider": "provider.aws"
                }
            },
            "depends_on": []
        },
        {
            "path": [
                "root",
                "azure"
            ],
            "outputs": {
                "virtualNetworkId": {
                    "sensitive": false,
                    "type": "string",
                    "value": "/subscriptions/e5f4f2ea-b5f5-4d44-b989-76b67975dd03/resourceGroups/mcdemo-network-rg"
                },
                "virtualNetworkLocation": {
                    "sensitive": false,
                    "type": "string",
                    "value": "southcentralus"
                },
                "virtualNetworkResourceGroupName": {
                    "sensitive": false,
                    "type": "string",
                    "value": "mcdemo-network-rg"
                }
            },
            "resources": {
                "azurerm_resource_group.network": {
                    "type": "azurerm_resource_group",
                    "depends_on": [],
                    "primary": {
                        "id": "/subscriptions/e5f4f2ea-b5f5-4d44-b989-76b67975dd03/resourceGroups/mcdemo-network-rg",
                        "attributes": {
                            "id": "/subscriptions/e5f4f2ea-b5f5-4d44-b989-76b67975dd03/resourceGroups/mcdemo-network-rg",
                            "location": "southcentralus",
                            "name": "mcdemo-network-rg",
                            "tags.%": "0"
                        },
                        "meta": {},
                        "tainted": false
                    },
                    "deposed": [],
                    "provider": "provider.azurerm"
                },
                "azurerm_virtual_network.network": {
                    "type": "azurerm_virtual_network",
                    "depends_on": [
                        "azurerm_resource_group.network"
                    ],
                    "primary": {
                        "id": "/subscriptions/e5f4f2ea-b5f5-4d44-b989-76b67975dd03/resourceGroups/mcdemo-network-rg/providers/Microsoft.Network/virtualNetworks/mcdemo-network-vnet",
                        "attributes": {
                            "address_space.#": "1",
                            "address_space.0": "10.2.0.0/16",
                            "dns_servers.#": "0",
                            "id": "/subscriptions/e5f4f2ea-b5f5-4d44-b989-76b67975dd03/resourceGroups/mcdemo-network-rg/providers/Microsoft.Network/virtualNetworks/mcdemo-network-vnet",
                            "location": "southcentralus",
                            "name": "mcdemo-network-vnet",
                            "resource_group_name": "mcdemo-network-rg",
                            "subnet.#": "2",
                            "subnet.2757564894.address_prefix": "10.2.1.0/29",
                            "subnet.2757564894.name": "GatewaySubnet",
                            "subnet.2757564894.security_group": "",
                            "subnet.386846828.address_prefix": "10.2.2.0/24",
                            "subnet.386846828.name": "Public",
                            "subnet.386846828.security_group": "",
                            "tags.%": "0"
                        },
                        "meta": {},
                        "tainted": false
                    },
                    "deposed": [],
                    "provider": "provider.azurerm"
                }
            },
            "depends_on": []
        },
        {
            "path": [
                "root",
                "vpn"
            ],
            "outputs": {},
            "resources": {
                "azurerm_local_network_gateway.aws": {
                    "type": "azurerm_local_network_gateway",
                    "depends_on": [],
                    "primary": {
                        "id": "/subscriptions/e5f4f2ea-b5f5-4d44-b989-76b67975dd03/resourceGroups/mcdemo-network-rg/providers/Microsoft.Network/localNetworkGateways/mcdemo-network-lgw-aws",
                        "attributes": {
                            "address_space.#": "1",
                            "address_space.0": "10.1.0.0/16",
                            "bgp_settings.#": "0",
                            "gateway_address": "2.13.14.15",
                            "id": "/subscriptions/e5f4f2ea-b5f5-4d44-b989-76b67975dd03/resourceGroups/mcdemo-network-rg/providers/Microsoft.Network/localNetworkGateways/mcdemo-network-lgw-aws",
                            "location": "southcentralus",
                            "name": "mcdemo-network-lgw-aws",
                            "resource_group_name": "mcdemo-network-rg",
                            "tags.%": "0"
                        },
                        "meta": {},
                        "tainted": false
                    },
                    "deposed": [],
                    "provider": "provider.azurerm"
                },
                "azurerm_public_ip.vng": {
                    "type": "azurerm_public_ip",
                    "depends_on": [],
                    "primary": {
                        "id": "/subscriptions/e5f4f2ea-b5f5-4d44-b989-76b67975dd03/resourceGroups/mcdemo-network-rg/providers/Microsoft.Network/publicIPAddresses/mcdemo-network-vng-pip",
                        "attributes": {
                            "id": "/subscriptions/e5f4f2ea-b5f5-4d44-b989-76b67975dd03/resourceGroups/mcdemo-network-rg/providers/Microsoft.Network/publicIPAddresses/mcdemo-network-vng-pip",
                            "location": "southcentralus",
                            "name": "mcdemo-network-vng-pip",
                            "public_ip_address_allocation": "dynamic",
                            "resource_group_name": "mcdemo-network-rg",
                            "tags.%": "0"
                        },
                        "meta": {},
                        "tainted": false
                    },
                    "deposed": [],
                    "provider": "provider.azurerm"
                }
            },
            "depends_on": []
        }
    ]
}
